
Microsoft Visual Studio Solution File, Format Version 12.00
# Visual Studio 15
VisualStudioVersion = 15.0.27130.2010
MinimumVisualStudioVersion = 10.0.40219.1
Project("{FAE04EC0-301F-11D3-BF4B-00C04F79EFBC}") = "WebApplication6", "WebApplication6\WebApplication6.csproj", "{0B332A6E-7772-49A8-BB81-8EA450EEAFFC}"
EndProject
Global
	GlobalSection(SolutionConfigurationPlatforms) = preSolution
		Debug|Any CPU = Debug|Any CPU
		Release|Any CPU = Release|Any CPU
	EndGlobalSection
	GlobalSection(ProjectConfigurationPlatforms) = postSolution
		{0B332A6E-7772-49A8-BB81-8EA450EEAFFC}.Debug|Any CPU.ActiveCfg = Debug|Any CPU
		{0B332A6E-7772-49A8-BB81-8EA450EEAFFC}.Debug|Any CPU.Build.0 = Debug|Any CPU
		{0B332A6E-7772-49A8-BB81-8EA450EEAFFC}.Release|Any CPU.ActiveCfg = Release|Any CPU
		{0B332A6E-7772-49A8-BB81-8EA450EEAFFC}.Release|Any CPU.Build.0 = Release|Any CPU
	EndGlobalSection
	GlobalSection(SolutionProperties) = preSolution
		HideSolutionNode = FALSE
	EndGlobalSection
	GlobalSection(ExtensibilityGlobals) = postSolution
		SolutionGuid = {560E5C09-10E6-4692-9FA2-618ECA567213}
	EndGlobalSection
EndGlobal
